
Microsoft Visual Studio Solution File, Format Version 12.00
# Visual Studio Version 17
VisualStudioVersion = 17.3.32901.215
MinimumVisualStudioVersion = 10.0.40219.1
Project("{9A19103F-16F7-4668-BE54-9A1E7A4F7556}") = "Day02", "Day02\Day02.csproj", "{D67D122E-2356-4723-A047-6505792AA501}"
EndProject
Project("{9A19103F-16F7-4668-BE54-9A1E7A4F7556}") = "Day01", "Day01\Day01.csproj", "{DD9C0579-77CB-4058-B2BA-F550191242B2}"
EndProject
Project("{9A19103F-16F7-4668-BE54-9A1E7A4F7556}") = "Day03", "Day03\Day03.csproj", "{F3DA14BC-D800-4766-96A0-A603DF3AB2F3}"
EndProject
Project("{FAE04EC0-301F-11D3-BF4B-00C04F79EFBC}") = "Day04", "Day04\Day04.csproj", "{8CE5A288-434D-4616-9F0E-67BEA2E0602C}"
EndProject
Global
	GlobalSection(SolutionConfigurationPlatforms) = preSolution
		Debug|Any CPU = Debug|Any CPU
		Release|Any CPU = Release|Any CPU
	EndGlobalSection
	GlobalSection(ProjectConfigurationPlatforms) = postSolution
		{D67D122E-2356-4723-A047-6505792AA501}.Debug|Any CPU.ActiveCfg = Debug|Any CPU
		{D67D122E-2356-4723-A047-6505792AA501}.Debug|Any CPU.Build.0 = Debug|Any CPU
		{D67D122E-2356-4723-A047-6505792AA501}.Release|Any CPU.ActiveCfg = Release|Any CPU
		{D67D122E-2356-4723-A047-6505792AA501}.Release|Any CPU.Build.0 = Release|Any CPU
		{DD9C0579-77CB-4058-B2BA-F550191242B2}.Debug|Any CPU.ActiveCfg = Debug|Any CPU
		{DD9C0579-77CB-4058-B2BA-F550191242B2}.Debug|Any CPU.Build.0 = Debug|Any CPU
		{DD9C0579-77CB-4058-B2BA-F550191242B2}.Release|Any CPU.ActiveCfg = Release|Any CPU
		{DD9C0579-77CB-4058-B2BA-F550191242B2}.Release|Any CPU.Build.0 = Release|Any CPU
		{F3DA14BC-D800-4766-96A0-A603DF3AB2F3}.Debug|Any CPU.ActiveCfg = Debug|Any CPU
		{F3DA14BC-D800-4766-96A0-A603DF3AB2F3}.Debug|Any CPU.Build.0 = Debug|Any CPU
		{F3DA14BC-D800-4766-96A0-A603DF3AB2F3}.Release|Any CPU.ActiveCfg = Release|Any CPU
		{F3DA14BC-D800-4766-96A0-A603DF3AB2F3}.Release|Any CPU.Build.0 = Release|Any CPU
		{8CE5A288-434D-4616-9F0E-67BEA2E0602C}.Debug|Any CPU.ActiveCfg = Debug|Any CPU
		{8CE5A288-434D-4616-9F0E-67BEA2E0602C}.Debug|Any CPU.Build.0 = Debug|Any CPU
		{8CE5A288-434D-4616-9F0E-67BEA2E0602C}.Release|Any CPU.ActiveCfg = Release|Any CPU
		{8CE5A288-434D-4616-9F0E-67BEA2E0602C}.Release|Any CPU.Build.0 = Release|Any CPU
	EndGlobalSection
	GlobalSection(SolutionProperties) = preSolution
		HideSolutionNode = FALSE
	EndGlobalSection
	GlobalSection(ExtensibilityGlobals) = postSolution
		SolutionGuid = {69A33C6E-976B-4D52-8509-EE19E83CEF38}
	EndGlobalSection
EndGlobal
